
Microsoft Visual Studio Solution File, Format Version 12.00
# Visual Studio 14
VisualStudioVersion = 14.0.25123.0
MinimumVisualStudioVersion = 10.0.40219.1
Project("{2150E333-8FDC-42A3-9474-1A3956D46DE8}") = "Engine", "Engine", "{0C7911F0-C3E6-43EE-8883-93950EDC6710}"
EndProject
Project("{2150E333-8FDC-42A3-9474-1A3956D46DE8}") = "Games", "Games", "{59B8E61B-87A0-44DA-B2A4-248DFEB78ABC}"
EndProject
Project("{8BC9CEB8-8B4A-11D0-8D11-00A0C91BC942}") = "UE4", "Intermediate\ProjectFiles\UE4.vcxproj", "{77C1A4ED-B9BE-42E5-B90C-AECB9EE904A3}"
EndProject
Project("{8BC9CEB8-8B4A-11D0-8D11-00A0C91BC942}") = "BuildingEscape", "Intermediate\ProjectFiles\BuildingEscape.vcxproj", "{63225A11-663A-4615-BCA0-6467C6206C48}"
EndProject
Global
	GlobalSection(SolutionConfigurationPlatforms) = preSolution
		DebugGame Editor|Win32 = DebugGame Editor|Win32
		DebugGame Editor|Win64 = DebugGame Editor|Win64
		DebugGame|Win32 = DebugGame|Win32
		DebugGame|Win64 = DebugGame|Win64
		Development Editor|Win32 = Development Editor|Win32
		Development Editor|Win64 = Development Editor|Win64
		Development|Win32 = Development|Win32
		Development|Win64 = Development|Win64
		Shipping|Win32 = Shipping|Win32
		Shipping|Win64 = Shipping|Win64
	EndGlobalSection
	GlobalSection(ProjectConfigurationPlatforms) = postSolution
		{77C1A4ED-B9BE-42E5-B90C-AECB9EE904A3}.DebugGame Editor|Win32.ActiveCfg = BuiltWithUnrealBuildTool|Win32
		{77C1A4ED-B9BE-42E5-B90C-AECB9EE904A3}.DebugGame Editor|Win32.Build.0 = BuiltWithUnrealBuildTool|Win32
		{77C1A4ED-B9BE-42E5-B90C-AECB9EE904A3}.DebugGame Editor|Win64.ActiveCfg = BuiltWithUnrealBuildTool|Win32
		{77C1A4ED-B9BE-42E5-B90C-AECB9EE904A3}.DebugGame Editor|Win64.Build.0 = BuiltWithUnrealBuildTool|Win32
		{77C1A4ED-B9BE-42E5-B90C-AECB9EE904A3}.DebugGame|Win32.ActiveCfg = BuiltWithUnrealBuildTool|Win32
		{77C1A4ED-B9BE-42E5-B90C-AECB9EE904A3}.DebugGame|Win32.Build.0 = BuiltWithUnrealBuildTool|Win32
		{77C1A4ED-B9BE-42E5-B90C-AECB9EE904A3}.DebugGame|Win64.ActiveCfg = BuiltWithUnrealBuildTool|Win32
		{77C1A4ED-B9BE-42E5-B90C-AECB9EE904A3}.DebugGame|Win64.Build.0 = BuiltWithUnrealBuildTool|Win32
		{77C1A4ED-B9BE-42E5-B90C-AECB9EE904A3}.Development Editor|Win32.ActiveCfg = BuiltWithUnrealBuildTool|Win32
		{77C1A4ED-B9BE-42E5-B90C-AECB9EE904A3}.Development Editor|Win32.Build.0 = BuiltWithUnrealBuildTool|Win32
		{77C1A4ED-B9BE-42E5-B90C-AECB9EE904A3}.Development Editor|Win64.ActiveCfg = BuiltWithUnrealBuildTool|Win32
		{77C1A4ED-B9BE-42E5-B90C-AECB9EE904A3}.Development Editor|Win64.Build.0 = BuiltWithUnrealBuildTool|Win32
		{77C1A4ED-B9BE-42E5-B90C-AECB9EE904A3}.Development|Win32.ActiveCfg = BuiltWithUnrealBuildTool|Win32
		{77C1A4ED-B9BE-42E5-B90C-AECB9EE904A3}.Development|Win32.Build.0 = BuiltWithUnrealBuildTool|Win32
		{77C1A4ED-B9BE-42E5-B90C-AECB9EE904A3}.Development|Win64.ActiveCfg = BuiltWithUnrealBuildTool|Win32
		{77C1A4ED-B9BE-42E5-B90C-AECB9EE904A3}.Development|Win64.Build.0 = BuiltWithUnrealBuildTool|Win32
		{77C1A4ED-B9BE-42E5-B90C-AECB9EE904A3}.Shipping|Win32.ActiveCfg = BuiltWithUnrealBuildTool|Win32
		{77C1A4ED-B9BE-42E5-B90C-AECB9EE904A3}.Shipping|Win32.Build.0 = BuiltWithUnrealBuildTool|Win32
		{77C1A4ED-B9BE-42E5-B90C-AECB9EE904A3}.Shipping|Win64.ActiveCfg = BuiltWithUnrealBuildTool|Win32
		{77C1A4ED-B9BE-42E5-B90C-AECB9EE904A3}.Shipping|Win64.Build.0 = BuiltWithUnrealBuildTool|Win32
		{63225A11-663A-4615-BCA0-6467C6206C48}.DebugGame Editor|Win32.ActiveCfg = DebugGame_Editor|Win32
		{63225A11-663A-4615-BCA0-6467C6206C48}.DebugGame Editor|Win32.Build.0 = DebugGame_Editor|Win32
		{63225A11-663A-4615-BCA0-6467C6206C48}.DebugGame Editor|Win64.ActiveCfg = DebugGame_Editor|x64
		{63225A11-663A-4615-BCA0-6467C6206C48}.DebugGame Editor|Win64.Build.0 = DebugGame_Editor|x64
		{63225A11-663A-4615-BCA0-6467C6206C48}.DebugGame|Win32.ActiveCfg = DebugGame_Game|Win32
		{63225A11-663A-4615-BCA0-6467C6206C48}.DebugGame|Win32.Build.0 = DebugGame_Game|Win32
		{63225A11-663A-4615-BCA0-6467C6206C48}.DebugGame|Win64.ActiveCfg = DebugGame_Game|x64
		{63225A11-663A-4615-BCA0-6467C6206C48}.DebugGame|Win64.Build.0 = DebugGame_Game|x64
		{63225A11-663A-4615-BCA0-6467C6206C48}.Development Editor|Win32.ActiveCfg = Development_Editor|Win32
		{63225A11-663A-4615-BCA0-6467C6206C48}.Development Editor|Win32.Build.0 = Development_Editor|Win32
		{63225A11-663A-4615-BCA0-6467C6206C48}.Development Editor|Win64.ActiveCfg = Development_Editor|x64
		{63225A11-663A-4615-BCA0-6467C6206C48}.Development Editor|Win64.Build.0 = Development_Editor|x64
		{63225A11-663A-4615-BCA0-6467C6206C48}.Development|Win32.ActiveCfg = Development_Game|Win32
		{63225A11-663A-4615-BCA0-6467C6206C48}.Development|Win32.Build.0 = Development_Game|Win32
		{63225A11-663A-4615-BCA0-6467C6206C48}.Development|Win64.ActiveCfg = Development_Game|x64
		{63225A11-663A-4615-BCA0-6467C6206C48}.Development|Win64.Build.0 = Development_Game|x64
		{63225A11-663A-4615-BCA0-6467C6206C48}.Shipping|Win32.ActiveCfg = Shipping_Game|Win32
		{63225A11-663A-4615-BCA0-6467C6206C48}.Shipping|Win32.Build.0 = Shipping_Game|Win32
		{63225A11-663A-4615-BCA0-6467C6206C48}.Shipping|Win64.ActiveCfg = Shipping_Game|x64
		{63225A11-663A-4615-BCA0-6467C6206C48}.Shipping|Win64.Build.0 = Shipping_Game|x64
	EndGlobalSection
	GlobalSection(SolutionProperties) = preSolution
		HideSolutionNode = FALSE
	EndGlobalSection
	GlobalSection(NestedProjects) = preSolution
		{77C1A4ED-B9BE-42E5-B90C-AECB9EE904A3} = {0C7911F0-C3E6-43EE-8883-93950EDC6710}
		{63225A11-663A-4615-BCA0-6467C6206C48} = {59B8E61B-87A0-44DA-B2A4-248DFEB78ABC}
	EndGlobalSection
EndGlobal
